
Microsoft Visual Studio Solution File, Format Version 12.00
# Visual Studio Version 17
VisualStudioVersion = 17.14.37710.0
MinimumVisualStudioVersion = 10.0.40219.1
Project("{FAE04EC0-301F-11D3-BF4B-00C04F79EFBC}") = "homework_1", "homework_1\homework_1.csproj", "{2387E30D-04CC-495F-978A-87DB0EF7C73B}"
EndProject
Project("{FAE04EC0-301F-11D3-BF4B-00C04F79EFBC}") = "homework_2", "homework_2\homework_2.csproj", "{A6648C69-E524-494D-A254-CA51C9B55669}"
EndProject
Global
	GlobalSection(SolutionConfigurationPlatforms) = preSolution
		Debug|Any CPU = Debug|Any CPU
		Debug|x64 = Debug|x64
		Debug|x86 = Debug|x86
		Release|Any CPU = Release|Any CPU
		Release|x64 = Release|x64
		Release|x86 = Release|x86
	EndGlobalSection
	GlobalSection(ProjectConfigurationPlatforms) = postSolution
		{2387E30D-04CC-495F-978A-87DB0EF7C73B}.Debug|Any CPU.ActiveCfg = Debug|Any CPU
		{2387E30D-04CC-495F-978A-87DB0EF7C73B}.Debug|Any CPU.Build.0 = Debug|Any CPU
		{2387E30D-04CC-495F-978A-87DB0EF7C73B}.Debug|x64.ActiveCfg = Debug|Any CPU
		{2387E30D-04CC-495F-978A-87DB0EF7C73B}.Debug|x64.Build.0 = Debug|Any CPU
		{2387E30D-04CC-495F-978A-87DB0EF7C73B}.Debug|x86.ActiveCfg = Debug|Any CPU
		{2387E30D-04CC-495F-978A-87DB0EF7C73B}.Debug|x86.Build.0 = Debug|Any CPU
		{2387E30D-04CC-495F-978A-87DB0EF7C73B}.Release|Any CPU.ActiveCfg = Release|Any CPU
		{2387E30D-04CC-495F-978A-87DB0EF7C73B}.Release|Any CPU.Build.0 = Release|Any CPU
		{2387E30D-04CC-495F-978A-87DB0EF7C73B}.Release|x64.ActiveCfg = Release|Any CPU
		{2387E30D-04CC-495F-978A-87DB0EF7C73B}.Release|x64.Build.0 = Release|Any CPU
		{2387E30D-04CC-495F-978A-87DB0EF7C73B}.Release|x86.ActiveCfg = Release|Any CPU
		{2387E30D-04CC-495F-978A-87DB0EF7C73B}.Release|x86.Build.0 = Release|Any CPU
		{A6648C69-E524-494D-A254-CA51C9B55669}.Debug|Any CPU.ActiveCfg = Debug|Any CPU
		{A6648C69-E524-494D-A254-CA51C9B55669}.Debug|Any CPU.Build.0 = Debug|Any CPU
		{A6648C69-E524-494D-A254-CA51C9B55669}.Debug|x64.ActiveCfg = Debug|Any CPU
		{A6648C69-E524-494D-A254-CA51C9B55669}.Debug|x64.Build.0 = Debug|Any CPU
		{A6648C69-E524-494D-A254-CA51C9B55669}.Debug|x86.ActiveCfg = Debug|Any CPU
		{A6648C69-E524-494D-A254-CA51C9B55669}.Debug|x86.Build.0 = Debug|Any CPU
		{A6648C69-E524-494D-A254-CA51C9B55669}.Release|Any CPU.ActiveCfg = Release|Any CPU
		{A6648C69-E524-494D-A254-CA51C9B55669}.Release|Any CPU.Build.0 = Release|Any CPU
		{A6648C69-E524-494D-A254-CA51C9B55669}.Release|x64.ActiveCfg = Release|Any CPU
		{A6648C69-E524-494D-A254-CA51C9B55669}.Release|x64.Build.0 = Release|Any CPU
		{A6648C69-E524-494D-A254-CA51C9B55669}.Release|x86.ActiveCfg = Release|Any CPU
		{A6648C69-E524-494D-A254-CA51C9B55669}.Release|x86.Build.0 = Release|Any CPU
	EndGlobalSection
	GlobalSection(SolutionProperties) = preSolution
		HideSolutionNode = FALSE
	EndGlobalSection
	GlobalSection(ExtensibilityGlobals) = postSolution
		SolutionGuid = {3F5000E4-9E71-4A78-83C0-6E074FDAF51B}
	EndGlobalSection
EndGlobal
